
Microsoft Visual Studio Solution File, Format Version 12.00
# Visual Studio Version 16
VisualStudioVersion = 16.0.31727.386
MinimumVisualStudioVersion = 10.0.40219.1
Project("{FAE04EC0-301F-11D3-BF4B-00C04F79EFBC}") = "ModernDesignUI", "ModernDesignUI\ModernDesignUI.csproj", "{80776B1D-CC1E-4395-B8BB-8267ED1EE90C}"
EndProject
Global
	GlobalSection(SolutionConfigurationPlatforms) = preSolution
		Debug|Any CPU = Debug|Any CPU
		Release|Any CPU = Release|Any CPU
	EndGlobalSection
	GlobalSection(ProjectConfigurationPlatforms) = postSolution
		{80776B1D-CC1E-4395-B8BB-8267ED1EE90C}.Debug|Any CPU.ActiveCfg = Debug|Any CPU
		{80776B1D-CC1E-4395-B8BB-8267ED1EE90C}.Debug|Any CPU.Build.0 = Debug|Any CPU
		{80776B1D-CC1E-4395-B8BB-8267ED1EE90C}.Release|Any CPU.ActiveCfg = Release|Any CPU
		{80776B1D-CC1E-4395-B8BB-8267ED1EE90C}.Release|Any CPU.Build.0 = Release|Any CPU
	EndGlobalSection
	GlobalSection(SolutionProperties) = preSolution
		HideSolutionNode = FALSE
	EndGlobalSection
	GlobalSection(ExtensibilityGlobals) = postSolution
		SolutionGuid = {420F48DD-CB8C-480D-ADB1-D89E353AC597}
	EndGlobalSection
EndGlobal
